
Microsoft Visual Studio Solution File, Format Version 12.00
# Visual Studio Version 17
VisualStudioVersion = 17.10.34928.147
MinimumVisualStudioVersion = 10.0.40219.1
Project("{FAE04EC0-301F-11D3-BF4B-00C04F79EFBC}") = "ColorChecker", "ColorChecker.csproj", "{30CB1F04-28D8-4A3D-BAE0-D830458E009D}"
EndProject
Global
	GlobalSection(SolutionConfigurationPlatforms) = preSolution
		Debug|Any CPU = Debug|Any CPU
		Release|Any CPU = Release|Any CPU
	EndGlobalSection
	GlobalSection(ProjectConfigurationPlatforms) = postSolution
		{30CB1F04-28D8-4A3D-BAE0-D830458E009D}.Debug|Any CPU.ActiveCfg = Debug|Any CPU
		{30CB1F04-28D8-4A3D-BAE0-D830458E009D}.Debug|Any CPU.Build.0 = Debug|Any CPU
		{30CB1F04-28D8-4A3D-BAE0-D830458E009D}.Release|Any CPU.ActiveCfg = Release|Any CPU
		{30CB1F04-28D8-4A3D-BAE0-D830458E009D}.Release|Any CPU.Build.0 = Release|Any CPU
	EndGlobalSection
	GlobalSection(SolutionProperties) = preSolution
		HideSolutionNode = FALSE
	EndGlobalSection
	GlobalSection(ExtensibilityGlobals) = postSolution
		SolutionGuid = {C50C6371-9250-4F68-827C-3A797FE0BE49}
	EndGlobalSection
EndGlobal
